{
  "name": "rc-snowblower-receiver",
  "version": "1.0.0",
  "lockfileVersion": 1,
  "requires": true,
  "dependencies": {
    "joystick": {
      "version": "0.1.2",
      "resolved": "https://registry.npmjs.org/joystick/-/joystick-0.1.2.tgz",
      "integrity": "sha1-DmfAkubYtGOItz9C8XBcCY0pBPM="
    }
  }
}
